
Microsoft Visual Studio Solution File, Format Version 12.00
# Visual Studio Version 17
VisualStudioVersion = 17.3.32929.385
MinimumVisualStudioVersion = 10.0.40219.1
Project("{9A19103F-16F7-4668-BE54-9A1E7A4F7556}") = "BLG4MG_HFT_2021222.Client", "BLG4MG_HFT_2021222.Client\BLG4MG_HFT_2021222.Client.csproj", "{8D0D2785-C071-49C0-A268-9E1DB9CD21B3}"
EndProject
Project("{9A19103F-16F7-4668-BE54-9A1E7A4F7556}") = "BLG4MG_HFT_2021222.Models", "BLG4MG_HFT_2021222.Models\BLG4MG_HFT_2021222.Models.csproj", "{B1AE2E2B-FF8B-452E-8987-F1ABB9E8D9B9}"
EndProject
Project("{9A19103F-16F7-4668-BE54-9A1E7A4F7556}") = "BLG4MG_HFT_2021222.Logic", "BLG4MG_HFT_2021222.Logic\BLG4MG_HFT_2021222.Logic.csproj", "{F8679F20-5E7A-4C5B-B860-81F11F32D689}"
EndProject
Project("{9A19103F-16F7-4668-BE54-9A1E7A4F7556}") = "BLG4MG_HFT_2021222.Repository", "BLG4MG_HFT_2021222.Repository\BLG4MG_HFT_2021222.Repository.csproj", "{80A937A2-AD6F-48E7-A4E9-A06182A74760}"
EndProject
Project("{9A19103F-16F7-4668-BE54-9A1E7A4F7556}") = "BLG4MG_HFT_2021222.Test", "BLG4MG_HFT_2021222.Test\BLG4MG_HFT_2021222.Test.csproj", "{8FAE2073-45F6-4406-BEAB-4E8E901D8692}"
EndProject
Project("{2150E333-8FDC-42A3-9474-1A3956D46DE8}") = "Backend", "Backend", "{BEBA34EC-55BF-47D6-B304-3BE2DE2A4E59}"
EndProject
Project("{2150E333-8FDC-42A3-9474-1A3956D46DE8}") = "Frontend", "Frontend", "{1BE34838-8957-4E8F-B74A-F6428A0A489D}"
EndProject
Project("{2150E333-8FDC-42A3-9474-1A3956D46DE8}") = "Shared", "Shared", "{BCA30E81-E7EE-4DCB-8C73-B1C37E74506D}"
EndProject
Project("{2150E333-8FDC-42A3-9474-1A3956D46DE8}") = "Others", "Others", "{62844A5A-48A2-49CE-AA5D-66CE9DEDB073}"
	ProjectSection(SolutionItems) = preProject
		.gitignore = .gitignore
	EndProjectSection
EndProject
Project("{9A19103F-16F7-4668-BE54-9A1E7A4F7556}") = "BLG4MG_HFT_2021222.Endpoint", "BLG4MG_HFT_2021222.Endpoint\BLG4MG_HFT_2021222.Endpoint.csproj", "{E0A7EDCD-3F84-4D26-B434-EC08011E5CBF}"
EndProject
Project("{9A19103F-16F7-4668-BE54-9A1E7A4F7556}") = "BLG4MG_SZTGUI_2022_1_WPFClient", "BLG4MG_SZTGUI_2022_1_WPFClient\BLG4MG_SZTGUI_2022_1_WPFClient.csproj", "{17E9602C-0843-4A24-A4C0-5926586E7E63}"
EndProject
Project("{FAE04EC0-301F-11D3-BF4B-00C04F79EFBC}") = "BLG4MG_SZTGUI_2022_1_JSClient", "BLG4MG_SZTGUI_2022_1_JSClient\BLG4MG_SZTGUI_2022_1_JSClient.csproj", "{C252DAD2-D704-431C-BCFC-D6F01A391CB5}"
EndProject
Global
	GlobalSection(SolutionConfigurationPlatforms) = preSolution
		Debug|Any CPU = Debug|Any CPU
		Release|Any CPU = Release|Any CPU
	EndGlobalSection
	GlobalSection(ProjectConfigurationPlatforms) = postSolution
		{8D0D2785-C071-49C0-A268-9E1DB9CD21B3}.Debug|Any CPU.ActiveCfg = Debug|Any CPU
		{8D0D2785-C071-49C0-A268-9E1DB9CD21B3}.Debug|Any CPU.Build.0 = Debug|Any CPU
		{8D0D2785-C071-49C0-A268-9E1DB9CD21B3}.Release|Any CPU.ActiveCfg = Release|Any CPU
		{8D0D2785-C071-49C0-A268-9E1DB9CD21B3}.Release|Any CPU.Build.0 = Release|Any CPU
		{B1AE2E2B-FF8B-452E-8987-F1ABB9E8D9B9}.Debug|Any CPU.ActiveCfg = Debug|Any CPU
		{B1AE2E2B-FF8B-452E-8987-F1ABB9E8D9B9}.Debug|Any CPU.Build.0 = Debug|Any CPU
		{B1AE2E2B-FF8B-452E-8987-F1ABB9E8D9B9}.Release|Any CPU.ActiveCfg = Release|Any CPU
		{B1AE2E2B-FF8B-452E-8987-F1ABB9E8D9B9}.Release|Any CPU.Build.0 = Release|Any CPU
		{F8679F20-5E7A-4C5B-B860-81F11F32D689}.Debug|Any CPU.ActiveCfg = Debug|Any CPU
		{F8679F20-5E7A-4C5B-B860-81F11F32D689}.Debug|Any CPU.Build.0 = Debug|Any CPU
		{F8679F20-5E7A-4C5B-B860-81F11F32D689}.Release|Any CPU.ActiveCfg = Release|Any CPU
		{F8679F20-5E7A-4C5B-B860-81F11F32D689}.Release|Any CPU.Build.0 = Release|Any CPU
		{80A937A2-AD6F-48E7-A4E9-A06182A74760}.Debug|Any CPU.ActiveCfg = Debug|Any CPU
		{80A937A2-AD6F-48E7-A4E9-A06182A74760}.Debug|Any CPU.Build.0 = Debug|Any CPU
		{80A937A2-AD6F-48E7-A4E9-A06182A74760}.Release|Any CPU.ActiveCfg = Release|Any CPU
		{80A937A2-AD6F-48E7-A4E9-A06182A74760}.Release|Any CPU.Build.0 = Release|Any CPU
		{8FAE2073-45F6-4406-BEAB-4E8E901D8692}.Debug|Any CPU.ActiveCfg = Debug|Any CPU
		{8FAE2073-45F6-4406-BEAB-4E8E901D8692}.Debug|Any CPU.Build.0 = Debug|Any CPU
		{8FAE2073-45F6-4406-BEAB-4E8E901D8692}.Release|Any CPU.ActiveCfg = Release|Any CPU
		{8FAE2073-45F6-4406-BEAB-4E8E901D8692}.Release|Any CPU.Build.0 = Release|Any CPU
		{E0A7EDCD-3F84-4D26-B434-EC08011E5CBF}.Debug|Any CPU.ActiveCfg = Debug|Any CPU
		{E0A7EDCD-3F84-4D26-B434-EC08011E5CBF}.Debug|Any CPU.Build.0 = Debug|Any CPU
		{E0A7EDCD-3F84-4D26-B434-EC08011E5CBF}.Release|Any CPU.ActiveCfg = Release|Any CPU
		{E0A7EDCD-3F84-4D26-B434-EC08011E5CBF}.Release|Any CPU.Build.0 = Release|Any CPU
		{17E9602C-0843-4A24-A4C0-5926586E7E63}.Debug|Any CPU.ActiveCfg = Debug|Any CPU
		{17E9602C-0843-4A24-A4C0-5926586E7E63}.Debug|Any CPU.Build.0 = Debug|Any CPU
		{17E9602C-0843-4A24-A4C0-5926586E7E63}.Release|Any CPU.ActiveCfg = Release|Any CPU
		{17E9602C-0843-4A24-A4C0-5926586E7E63}.Release|Any CPU.Build.0 = Release|Any CPU
		{C252DAD2-D704-431C-BCFC-D6F01A391CB5}.Debug|Any CPU.ActiveCfg = Debug|Any CPU
		{C252DAD2-D704-431C-BCFC-D6F01A391CB5}.Debug|Any CPU.Build.0 = Debug|Any CPU
		{C252DAD2-D704-431C-BCFC-D6F01A391CB5}.Release|Any CPU.ActiveCfg = Release|Any CPU
		{C252DAD2-D704-431C-BCFC-D6F01A391CB5}.Release|Any CPU.Build.0 = Release|Any CPU
	EndGlobalSection
	GlobalSection(SolutionProperties) = preSolution
		HideSolutionNode = FALSE
	EndGlobalSection
	GlobalSection(NestedProjects) = preSolution
		{8D0D2785-C071-49C0-A268-9E1DB9CD21B3} = {1BE34838-8957-4E8F-B74A-F6428A0A489D}
		{B1AE2E2B-FF8B-452E-8987-F1ABB9E8D9B9} = {BCA30E81-E7EE-4DCB-8C73-B1C37E74506D}
		{F8679F20-5E7A-4C5B-B860-81F11F32D689} = {BEBA34EC-55BF-47D6-B304-3BE2DE2A4E59}
		{80A937A2-AD6F-48E7-A4E9-A06182A74760} = {BEBA34EC-55BF-47D6-B304-3BE2DE2A4E59}
		{8FAE2073-45F6-4406-BEAB-4E8E901D8692} = {BEBA34EC-55BF-47D6-B304-3BE2DE2A4E59}
		{E0A7EDCD-3F84-4D26-B434-EC08011E5CBF} = {BEBA34EC-55BF-47D6-B304-3BE2DE2A4E59}
		{C252DAD2-D704-431C-BCFC-D6F01A391CB5} = {1BE34838-8957-4E8F-B74A-F6428A0A489D}
	EndGlobalSection
	GlobalSection(ExtensibilityGlobals) = postSolution
		SolutionGuid = {B4154151-C5E4-458F-B49F-AEDE2EE1E273}
	EndGlobalSection
EndGlobal
